
Microsoft Visual Studio Solution File, Format Version 12.00
# Visual Studio Version 17
VisualStudioVersion = 17.7.34202.233
MinimumVisualStudioVersion = 10.0.40219.1
Project("{9A19103F-16F7-4668-BE54-9A1E7A4F7556}") = "FVenue.API", "FVenue.API\FVenue.API.csproj", "{2DDA8997-7891-4B60-BEFC-D6820EDD8710}"
EndProject
Project("{9A19103F-16F7-4668-BE54-9A1E7A4F7556}") = "BusinessObjects", "BusinessObjects\BusinessObjects.csproj", "{3C7A2C77-C0BB-438C-A895-6CFFB10E05A8}"
EndProject
Project("{9A19103F-16F7-4668-BE54-9A1E7A4F7556}") = "DTOs", "DTOs\DTOs.csproj", "{A8DBF2D8-3477-4001-A398-F08663E534A6}"
EndProject
Global
	GlobalSection(SolutionConfigurationPlatforms) = preSolution
		Debug|Any CPU = Debug|Any CPU
		Release|Any CPU = Release|Any CPU
	EndGlobalSection
	GlobalSection(ProjectConfigurationPlatforms) = postSolution
		{2DDA8997-7891-4B60-BEFC-D6820EDD8710}.Debug|Any CPU.ActiveCfg = Debug|Any CPU
		{2DDA8997-7891-4B60-BEFC-D6820EDD8710}.Debug|Any CPU.Build.0 = Debug|Any CPU
		{2DDA8997-7891-4B60-BEFC-D6820EDD8710}.Release|Any CPU.ActiveCfg = Release|Any CPU
		{2DDA8997-7891-4B60-BEFC-D6820EDD8710}.Release|Any CPU.Build.0 = Release|Any CPU
		{3C7A2C77-C0BB-438C-A895-6CFFB10E05A8}.Debug|Any CPU.ActiveCfg = Debug|Any CPU
		{3C7A2C77-C0BB-438C-A895-6CFFB10E05A8}.Debug|Any CPU.Build.0 = Debug|Any CPU
		{3C7A2C77-C0BB-438C-A895-6CFFB10E05A8}.Release|Any CPU.ActiveCfg = Release|Any CPU
		{3C7A2C77-C0BB-438C-A895-6CFFB10E05A8}.Release|Any CPU.Build.0 = Release|Any CPU
		{A8DBF2D8-3477-4001-A398-F08663E534A6}.Debug|Any CPU.ActiveCfg = Debug|Any CPU
		{A8DBF2D8-3477-4001-A398-F08663E534A6}.Debug|Any CPU.Build.0 = Debug|Any CPU
		{A8DBF2D8-3477-4001-A398-F08663E534A6}.Release|Any CPU.ActiveCfg = Release|Any CPU
		{A8DBF2D8-3477-4001-A398-F08663E534A6}.Release|Any CPU.Build.0 = Release|Any CPU
	EndGlobalSection
	GlobalSection(SolutionProperties) = preSolution
		HideSolutionNode = FALSE
	EndGlobalSection
	GlobalSection(ExtensibilityGlobals) = postSolution
		SolutionGuid = {440A8978-C7B1-4446-BB42-B61DC36927D4}
	EndGlobalSection
EndGlobal
